
Microsoft Visual Studio Solution File, Format Version 12.00
# Visual Studio Version 16
VisualStudioVersion = 16.0.30114.105
MinimumVisualStudioVersion = 10.0.40219.1
Project("{FAE04EC0-301F-11D3-BF4B-00C04F79EFBC}") = "ProEventos.API", "ProEventos.API\ProEventos.API.csproj", "{32E62018-37E3-4EC5-8250-7EF965C0EF59}"
EndProject
Project("{FAE04EC0-301F-11D3-BF4B-00C04F79EFBC}") = "ProEventos.Application", "ProEventos.Application\ProEventos.Application.csproj", "{6D3A89E0-7240-48CC-A6E4-C804EA2E57B3}"
EndProject
Project("{FAE04EC0-301F-11D3-BF4B-00C04F79EFBC}") = "ProEventos.Domain", "ProEventos.Domain\ProEventos.Domain.csproj", "{EA2FEB76-10EF-4441-AA99-0DC688FF9FC6}"
EndProject
Project("{FAE04EC0-301F-11D3-BF4B-00C04F79EFBC}") = "ProEventos.Persistence", "ProEventos.Persistence\ProEventos.Persistence.csproj", "{B68220AF-BE4C-42ED-8CE9-D3E40C8298B5}"
EndProject
Global
	GlobalSection(SolutionConfigurationPlatforms) = preSolution
		Debug|Any CPU = Debug|Any CPU
		Debug|x64 = Debug|x64
		Debug|x86 = Debug|x86
		Release|Any CPU = Release|Any CPU
		Release|x64 = Release|x64
		Release|x86 = Release|x86
	EndGlobalSection
	GlobalSection(SolutionProperties) = preSolution
		HideSolutionNode = FALSE
	EndGlobalSection
	GlobalSection(ProjectConfigurationPlatforms) = postSolution
		{32E62018-37E3-4EC5-8250-7EF965C0EF59}.Debug|Any CPU.ActiveCfg = Debug|Any CPU
		{32E62018-37E3-4EC5-8250-7EF965C0EF59}.Debug|Any CPU.Build.0 = Debug|Any CPU
		{32E62018-37E3-4EC5-8250-7EF965C0EF59}.Debug|x64.ActiveCfg = Debug|Any CPU
		{32E62018-37E3-4EC5-8250-7EF965C0EF59}.Debug|x64.Build.0 = Debug|Any CPU
		{32E62018-37E3-4EC5-8250-7EF965C0EF59}.Debug|x86.ActiveCfg = Debug|Any CPU
		{32E62018-37E3-4EC5-8250-7EF965C0EF59}.Debug|x86.Build.0 = Debug|Any CPU
		{32E62018-37E3-4EC5-8250-7EF965C0EF59}.Release|Any CPU.ActiveCfg = Release|Any CPU
		{32E62018-37E3-4EC5-8250-7EF965C0EF59}.Release|Any CPU.Build.0 = Release|Any CPU
		{32E62018-37E3-4EC5-8250-7EF965C0EF59}.Release|x64.ActiveCfg = Release|Any CPU
		{32E62018-37E3-4EC5-8250-7EF965C0EF59}.Release|x64.Build.0 = Release|Any CPU
		{32E62018-37E3-4EC5-8250-7EF965C0EF59}.Release|x86.ActiveCfg = Release|Any CPU
		{32E62018-37E3-4EC5-8250-7EF965C0EF59}.Release|x86.Build.0 = Release|Any CPU
		{6D3A89E0-7240-48CC-A6E4-C804EA2E57B3}.Debug|Any CPU.ActiveCfg = Debug|Any CPU
		{6D3A89E0-7240-48CC-A6E4-C804EA2E57B3}.Debug|Any CPU.Build.0 = Debug|Any CPU
		{6D3A89E0-7240-48CC-A6E4-C804EA2E57B3}.Debug|x64.ActiveCfg = Debug|Any CPU
		{6D3A89E0-7240-48CC-A6E4-C804EA2E57B3}.Debug|x64.Build.0 = Debug|Any CPU
		{6D3A89E0-7240-48CC-A6E4-C804EA2E57B3}.Debug|x86.ActiveCfg = Debug|Any CPU
		{6D3A89E0-7240-48CC-A6E4-C804EA2E57B3}.Debug|x86.Build.0 = Debug|Any CPU
		{6D3A89E0-7240-48CC-A6E4-C804EA2E57B3}.Release|Any CPU.ActiveCfg = Release|Any CPU
		{6D3A89E0-7240-48CC-A6E4-C804EA2E57B3}.Release|Any CPU.Build.0 = Release|Any CPU
		{6D3A89E0-7240-48CC-A6E4-C804EA2E57B3}.Release|x64.ActiveCfg = Release|Any CPU
		{6D3A89E0-7240-48CC-A6E4-C804EA2E57B3}.Release|x64.Build.0 = Release|Any CPU
		{6D3A89E0-7240-48CC-A6E4-C804EA2E57B3}.Release|x86.ActiveCfg = Release|Any CPU
		{6D3A89E0-7240-48CC-A6E4-C804EA2E57B3}.Release|x86.Build.0 = Release|Any CPU
		{EA2FEB76-10EF-4441-AA99-0DC688FF9FC6}.Debug|Any CPU.ActiveCfg = Debug|Any CPU
		{EA2FEB76-10EF-4441-AA99-0DC688FF9FC6}.Debug|Any CPU.Build.0 = Debug|Any CPU
		{EA2FEB76-10EF-4441-AA99-0DC688FF9FC6}.Debug|x64.ActiveCfg = Debug|Any CPU
		{EA2FEB76-10EF-4441-AA99-0DC688FF9FC6}.Debug|x64.Build.0 = Debug|Any CPU
		{EA2FEB76-10EF-4441-AA99-0DC688FF9FC6}.Debug|x86.ActiveCfg = Debug|Any CPU
		{EA2FEB76-10EF-4441-AA99-0DC688FF9FC6}.Debug|x86.Build.0 = Debug|Any CPU
		{EA2FEB76-10EF-4441-AA99-0DC688FF9FC6}.Release|Any CPU.ActiveCfg = Release|Any CPU
		{EA2FEB76-10EF-4441-AA99-0DC688FF9FC6}.Release|Any CPU.Build.0 = Release|Any CPU
		{EA2FEB76-10EF-4441-AA99-0DC688FF9FC6}.Release|x64.ActiveCfg = Release|Any CPU
		{EA2FEB76-10EF-4441-AA99-0DC688FF9FC6}.Release|x64.Build.0 = Release|Any CPU
		{EA2FEB76-10EF-4441-AA99-0DC688FF9FC6}.Release|x86.ActiveCfg = Release|Any CPU
		{EA2FEB76-10EF-4441-AA99-0DC688FF9FC6}.Release|x86.Build.0 = Release|Any CPU
		{B68220AF-BE4C-42ED-8CE9-D3E40C8298B5}.Debug|Any CPU.ActiveCfg = Debug|Any CPU
		{B68220AF-BE4C-42ED-8CE9-D3E40C8298B5}.Debug|Any CPU.Build.0 = Debug|Any CPU
		{B68220AF-BE4C-42ED-8CE9-D3E40C8298B5}.Debug|x64.ActiveCfg = Debug|Any CPU
		{B68220AF-BE4C-42ED-8CE9-D3E40C8298B5}.Debug|x64.Build.0 = Debug|Any CPU
		{B68220AF-BE4C-42ED-8CE9-D3E40C8298B5}.Debug|x86.ActiveCfg = Debug|Any CPU
		{B68220AF-BE4C-42ED-8CE9-D3E40C8298B5}.Debug|x86.Build.0 = Debug|Any CPU
		{B68220AF-BE4C-42ED-8CE9-D3E40C8298B5}.Release|Any CPU.ActiveCfg = Release|Any CPU
		{B68220AF-BE4C-42ED-8CE9-D3E40C8298B5}.Release|Any CPU.Build.0 = Release|Any CPU
		{B68220AF-BE4C-42ED-8CE9-D3E40C8298B5}.Release|x64.ActiveCfg = Release|Any CPU
		{B68220AF-BE4C-42ED-8CE9-D3E40C8298B5}.Release|x64.Build.0 = Release|Any CPU
		{B68220AF-BE4C-42ED-8CE9-D3E40C8298B5}.Release|x86.ActiveCfg = Release|Any CPU
		{B68220AF-BE4C-42ED-8CE9-D3E40C8298B5}.Release|x86.Build.0 = Release|Any CPU
	EndGlobalSection
EndGlobal
